
Microsoft Visual Studio Solution File, Format Version 12.00
# Visual Studio 2013
VisualStudioVersion = 12.0.21005.1
MinimumVisualStudioVersion = 10.0.40219.1
Project("{2150E333-8FDC-42A3-9474-1A3956D46DE8}") = "4_Infrastructure", "4_Infrastructure", "{F2A6A5A4-847F-44A6-AB06-6441D323A0C6}"
EndProject
Project("{2150E333-8FDC-42A3-9474-1A3956D46DE8}") = "5_Test", "5_Test", "{B6110A66-656D-41C3-9422-DB508107B056}"
EndProject
Project("{FAE04EC0-301F-11D3-BF4B-00C04F79EFBC}") = "Ore.Infrastructure.MarketData", "4_Infrastructure\Ore.Infrastructure.MarketData\Ore.Infrastructure.MarketData.csproj", "{11E69835-A2A1-4631-96C0-FE078B09F5F5}"
EndProject
Project("{FAE04EC0-301F-11D3-BF4B-00C04F79EFBC}") = "Ore.Infrastructure.MarketData.Implementation", "4_Infrastructure\Ore.Infrastructure.MarketData.Implementation\Ore.Infrastructure.MarketData.Implementation.csproj", "{A6E65CA4-C677-4EAA-8C34-9F030BA90E55}"
EndProject
Project("{FAE04EC0-301F-11D3-BF4B-00C04F79EFBC}") = "Test.Ore", "5_Test\Test.Ore\Test.Ore.csproj", "{746E7D23-3D9C-4004-9F76-98D884D00C3E}"
EndProject
Project("{FAE04EC0-301F-11D3-BF4B-00C04F79EFBC}") = "Ore.Infrastructure.MarketData.DataSource.Sina", "4_Infrastructure\Ore.Infrastructure.MarketData.DataSource.Sina\Ore.Infrastructure.MarketData.DataSource.Sina.csproj", "{B3E609E5-A5A1-457D-AA61-D07B07D29E34}"
EndProject
Project("{FAE04EC0-301F-11D3-BF4B-00C04F79EFBC}") = "Ore.Infrastructure.MarketData.DataSource.Eastmoney", "4_Infrastructure\Ore.Infrastructure.MarketData.DataSource.Eastmoney\Ore.Infrastructure.MarketData.DataSource.Eastmoney.csproj", "{533E92C5-395B-4F8C-91D7-D366BB7A21A5}"
EndProject
Global
	GlobalSection(SolutionConfigurationPlatforms) = preSolution
		Debug|Any CPU = Debug|Any CPU
		Release|Any CPU = Release|Any CPU
	EndGlobalSection
	GlobalSection(ProjectConfigurationPlatforms) = postSolution
		{11E69835-A2A1-4631-96C0-FE078B09F5F5}.Debug|Any CPU.ActiveCfg = Debug|Any CPU
		{11E69835-A2A1-4631-96C0-FE078B09F5F5}.Debug|Any CPU.Build.0 = Debug|Any CPU
		{11E69835-A2A1-4631-96C0-FE078B09F5F5}.Release|Any CPU.ActiveCfg = Release|Any CPU
		{11E69835-A2A1-4631-96C0-FE078B09F5F5}.Release|Any CPU.Build.0 = Release|Any CPU
		{A6E65CA4-C677-4EAA-8C34-9F030BA90E55}.Debug|Any CPU.ActiveCfg = Debug|Any CPU
		{A6E65CA4-C677-4EAA-8C34-9F030BA90E55}.Debug|Any CPU.Build.0 = Debug|Any CPU
		{A6E65CA4-C677-4EAA-8C34-9F030BA90E55}.Release|Any CPU.ActiveCfg = Release|Any CPU
		{A6E65CA4-C677-4EAA-8C34-9F030BA90E55}.Release|Any CPU.Build.0 = Release|Any CPU
		{746E7D23-3D9C-4004-9F76-98D884D00C3E}.Debug|Any CPU.ActiveCfg = Debug|Any CPU
		{746E7D23-3D9C-4004-9F76-98D884D00C3E}.Debug|Any CPU.Build.0 = Debug|Any CPU
		{746E7D23-3D9C-4004-9F76-98D884D00C3E}.Release|Any CPU.ActiveCfg = Release|Any CPU
		{746E7D23-3D9C-4004-9F76-98D884D00C3E}.Release|Any CPU.Build.0 = Release|Any CPU
		{B3E609E5-A5A1-457D-AA61-D07B07D29E34}.Debug|Any CPU.ActiveCfg = Debug|Any CPU
		{B3E609E5-A5A1-457D-AA61-D07B07D29E34}.Debug|Any CPU.Build.0 = Debug|Any CPU
		{B3E609E5-A5A1-457D-AA61-D07B07D29E34}.Release|Any CPU.ActiveCfg = Release|Any CPU
		{B3E609E5-A5A1-457D-AA61-D07B07D29E34}.Release|Any CPU.Build.0 = Release|Any CPU
		{533E92C5-395B-4F8C-91D7-D366BB7A21A5}.Debug|Any CPU.ActiveCfg = Debug|Any CPU
		{533E92C5-395B-4F8C-91D7-D366BB7A21A5}.Debug|Any CPU.Build.0 = Debug|Any CPU
		{533E92C5-395B-4F8C-91D7-D366BB7A21A5}.Release|Any CPU.ActiveCfg = Release|Any CPU
		{533E92C5-395B-4F8C-91D7-D366BB7A21A5}.Release|Any CPU.Build.0 = Release|Any CPU
	EndGlobalSection
	GlobalSection(SolutionProperties) = preSolution
		HideSolutionNode = FALSE
	EndGlobalSection
	GlobalSection(NestedProjects) = preSolution
		{11E69835-A2A1-4631-96C0-FE078B09F5F5} = {F2A6A5A4-847F-44A6-AB06-6441D323A0C6}
		{A6E65CA4-C677-4EAA-8C34-9F030BA90E55} = {F2A6A5A4-847F-44A6-AB06-6441D323A0C6}
		{B3E609E5-A5A1-457D-AA61-D07B07D29E34} = {F2A6A5A4-847F-44A6-AB06-6441D323A0C6}
		{533E92C5-395B-4F8C-91D7-D366BB7A21A5} = {F2A6A5A4-847F-44A6-AB06-6441D323A0C6}
		{746E7D23-3D9C-4004-9F76-98D884D00C3E} = {B6110A66-656D-41C3-9422-DB508107B056}
	EndGlobalSection
EndGlobal
